<Solution>
  <Project Path="Assembly-CSharp.csproj" />
  <Project Path="Assembly-CSharp-firstpass.csproj" />
  <Project Path="SimpleScrollSnap.csproj" />
  <Project Path="LeanCommon.csproj" />
  <Project Path="Assembly-CSharp-Editor.csproj" />
  <Project Path="SilverTau.STNativeScreenRecorder.Runtime.csproj" />
  <Project Path="LeanTouch.csproj" />
  <Project Path="Unity.XR.Interaction.Toolkit.Samples.ARStarterAssets.Editor.csproj" />
  <Project Path="NativeCamera.Runtime.csproj" />
  <Project Path="Assembly-CSharp-Editor-firstpass.csproj" />
  <Project Path="SilverTau.STNativeScreenRecorder.Editor.csproj" />
  <Project Path="CW.Common.csproj" />
  <Project Path="Unity.XR.Interaction.Toolkit.Samples.StarterAssets.csproj" />
  <Project Path="SimpleInspectorAttributesEditor.csproj" />
  <Project Path="ImageCropper.Runtime.csproj" />
  <Project Path="CopyrightNoticeEditor.csproj" />
  <Project Path="AppleAuth.csproj" />
  <Project Path="SimpleInspectorAttributes.csproj" />
  <Project Path="AndroidRuntimePermissions.Runtime.csproj" />
  <Project Path="AppleAuth.Editor.csproj" />
  <Project Path="SimpleScrollSnapEditor.csproj" />
  <Project Path="Unity.XR.Interaction.Toolkit.Samples.ARStarterAssets.csproj" />
  <Project Path="NativeGallery.Runtime.csproj" />
  <Project Path="FirebaseMessagingActivityGenerator.csproj" />
  <Project Path="Unity.XR.Interaction.Toolkit.Samples.StarterAssets.Editor.csproj" />
  <Project Path="Utilities.csproj" />
  <Project Path="NativeGallery.Editor.csproj" />
  <Project Path="NativeCamera.Editor.csproj" />
  <Project Path="UtilitiesEditor.csproj" />
</Solution>
